{
  "version": 4,
  "terraform_version": "1.9.6",
  "serial": 45,
  "lineage": "ad6b5e79-8dff-ef5b-319c-5cef00ea7476",
  "outputs": {},
  "resources": [
    {
      "mode": "data",
      "type": "archive_file",
      "name": "lambda",
      "provider": "provider[\"registry.terraform.io/hashicorp/archive\"]",
      "instances": [
        {
          "schema_version": 0,
          "attributes": {
            "exclude_symlink_directories": null,
            "excludes": null,
            "id": "8985434960d0968703542ed821dbd8c98b094366",
            "output_base64sha256": "rTwhf9act6b0KOKXLDOLxFw/neJCYkoL9blwFel5Ung=",
            "output_base64sha512": "FDtzDZPCsxma5VUnGsu/2WXr9EWrOVvQWqpyiSJfoW0RLmlOBD8Q7lMp9CouW0LABMsXnr/W2+Fb7qCG+OMP4g==",
            "output_file_mode": null,
            "output_md5": "83187859475827aa36106e2df9ce4e0b",
            "output_path": "rds_stop_code.zip",
            "output_sha": "8985434960d0968703542ed821dbd8c98b094366",
            "output_sha256": "ad3c217fd69cb7a6f428e2972c338bc45c3f9de242624a0bf5b97015e9795278",
            "output_sha512": "143b730d93c2b3199ae555271acbbfd965ebf445ab395bd05aaa7289225fa16d112e694e043f10ee5329f42a2e5b42c004cb179ebfd6dbe15beea086f8e30fe2",
            "output_size": 583,
            "source": [],
            "source_content": null,
            "source_content_filename": null,
            "source_dir": null,
            "source_file": "rds_stop.py",
            "type": "zip"
          },
          "sensitive_attributes": []
        }
      ]
    },
    {
      "mode": "data",
      "type": "aws_iam_policy_document",
      "name": "assume_role",
      "provider": "provider[\"registry.terraform.io/hashicorp/aws\"]",
      "instances": [
        {
          "schema_version": 0,
          "attributes": {
            "id": "2690255455",
            "json": "{\n  \"Version\": \"2012-10-17\",\n  \"Statement\": [\n    {\n      \"Effect\": \"Allow\",\n      \"Action\": \"sts:AssumeRole\",\n      \"Principal\": {\n        \"Service\": \"lambda.amazonaws.com\"\n      }\n    }\n  ]\n}",
            "minified_json": "{\"Version\":\"2012-10-17\",\"Statement\":[{\"Effect\":\"Allow\",\"Action\":\"sts:AssumeRole\",\"Principal\":{\"Service\":\"lambda.amazonaws.com\"}}]}",
            "override_json": null,
            "override_policy_documents": null,
            "policy_id": null,
            "source_json": null,
            "source_policy_documents": null,
            "statement": [
              {
                "actions": [
                  "sts:AssumeRole"
                ],
                "condition": [],
                "effect": "Allow",
                "not_actions": [],
                "not_principals": [],
                "not_resources": [],
                "principals": [
                  {
                    "identifiers": [
                      "lambda.amazonaws.com"
                    ],
                    "type": "Service"
                  }
                ],
                "resources": [],
                "sid": ""
              }
            ],
            "version": "2012-10-17"
          },
          "sensitive_attributes": []
        }
      ]
    },
    {
      "mode": "data",
      "type": "aws_iam_policy_document",
      "name": "lambda_rds_access",
      "provider": "provider[\"registry.terraform.io/hashicorp/aws\"]",
      "instances": [
        {
          "schema_version": 0,
          "attributes": {
            "id": "3835257300",
            "json": "{\n  \"Version\": \"2012-10-17\",\n  \"Statement\": [\n    {\n      \"Effect\": \"Allow\",\n      \"Action\": [\n        \"rds:StopDBInstance\",\n        \"rds:StopDBCluster\",\n        \"rds:StartDBInstance\",\n        \"rds:StartDBCluster\",\n        \"rds:ListTagsForResource\",\n        \"rds:DescribeSourceRegions\",\n        \"rds:DescribeDBInstances\",\n        \"rds:DescribeDBClusters\",\n        \"rds:DescribeDBClusterParameters\",\n        \"rds:DescribeDBClusterEndpoints\",\n        \"logs:PutLogEvents\",\n        \"logs:CreateLogStream\"\n      ],\n      \"Resource\": \"*\"\n    }\n  ]\n}",
            "minified_json": "{\"Version\":\"2012-10-17\",\"Statement\":[{\"Effect\":\"Allow\",\"Action\":[\"rds:StopDBInstance\",\"rds:StopDBCluster\",\"rds:StartDBInstance\",\"rds:StartDBCluster\",\"rds:ListTagsForResource\",\"rds:DescribeSourceRegions\",\"rds:DescribeDBInstances\",\"rds:DescribeDBClusters\",\"rds:DescribeDBClusterParameters\",\"rds:DescribeDBClusterEndpoints\",\"logs:PutLogEvents\",\"logs:CreateLogStream\"],\"Resource\":\"*\"}]}",
            "override_json": null,
            "override_policy_documents": null,
            "policy_id": null,
            "source_json": null,
            "source_policy_documents": null,
            "statement": [
              {
                "actions": [
                  "logs:CreateLogStream",
                  "logs:PutLogEvents",
                  "rds:DescribeDBClusterEndpoints",
                  "rds:DescribeDBClusterParameters",
                  "rds:DescribeDBClusters",
                  "rds:DescribeDBInstances",
                  "rds:DescribeSourceRegions",
                  "rds:ListTagsForResource",
                  "rds:StartDBCluster",
                  "rds:StartDBInstance",
                  "rds:StopDBCluster",
                  "rds:StopDBInstance"
                ],
                "condition": [],
                "effect": "Allow",
                "not_actions": [],
                "not_principals": [],
                "not_resources": [],
                "principals": [],
                "resources": [
                  "*"
                ],
                "sid": ""
              }
            ],
            "version": "2012-10-17"
          },
          "sensitive_attributes": []
        }
      ]
    },
    {
      "mode": "managed",
      "type": "aws_cloudwatch_log_group",
      "name": "lambda_rds_stop_log_group",
      "provider": "provider[\"registry.terraform.io/hashicorp/aws\"]",
      "instances": [
        {
          "schema_version": 0,
          "attributes": {
            "arn": "arn:aws:logs:af-south-1:211125416222:log-group:/aws/lambda/lambda_rds_stop",
            "id": "/aws/lambda/lambda_rds_stop",
            "kms_key_id": "",
            "log_group_class": "STANDARD",
            "name": "/aws/lambda/lambda_rds_stop",
            "name_prefix": "",
            "retention_in_days": 30,
            "skip_destroy": false,
            "tags": {},
            "tags_all": {}
          },
          "sensitive_attributes": [],
          "private": "bnVsbA=="
        }
      ]
    },
    {
      "mode": "managed",
      "type": "aws_iam_policy",
      "name": "lambda_rds_policy",
      "provider": "provider[\"registry.terraform.io/hashicorp/aws\"]",
      "instances": [
        {
          "schema_version": 0,
          "attributes": {
            "arn": "arn:aws:iam::211125416222:policy/lambda_rds_full_access",
            "attachment_count": 1,
            "description": "",
            "id": "arn:aws:iam::211125416222:policy/lambda_rds_full_access",
            "name": "lambda_rds_full_access",
            "name_prefix": "",
            "path": "/",
            "policy": "{\"Statement\":[{\"Action\":[\"rds:StopDBInstance\",\"rds:StopDBCluster\",\"rds:StartDBInstance\",\"rds:StartDBCluster\",\"rds:ListTagsForResource\",\"rds:DescribeSourceRegions\",\"rds:DescribeDBInstances\",\"rds:DescribeDBClusters\",\"rds:DescribeDBClusterParameters\",\"rds:DescribeDBClusterEndpoints\",\"logs:PutLogEvents\",\"logs:CreateLogStream\"],\"Effect\":\"Allow\",\"Resource\":\"*\"}],\"Version\":\"2012-10-17\"}",
            "policy_id": "ANPATCKAOGEPLQIRKR2Y5",
            "tags": {},
            "tags_all": {}
          },
          "sensitive_attributes": [],
          "private": "bnVsbA==",
          "dependencies": [
            "data.aws_iam_policy_document.lambda_rds_access"
          ]
        }
      ]
    },
    {
      "mode": "managed",
      "type": "aws_iam_role",
      "name": "iam_for_lambda",
      "provider": "provider[\"registry.terraform.io/hashicorp/aws\"]",
      "instances": [
        {
          "schema_version": 0,
          "attributes": {
            "arn": "arn:aws:iam::211125416222:role/iam_for_lambda",
            "assume_role_policy": "{\"Statement\":[{\"Action\":\"sts:AssumeRole\",\"Effect\":\"Allow\",\"Principal\":{\"Service\":\"lambda.amazonaws.com\"}}],\"Version\":\"2012-10-17\"}",
            "create_date": "2025-05-20T10:32:00Z",
            "description": "",
            "force_detach_policies": false,
            "id": "iam_for_lambda",
            "inline_policy": [],
            "managed_policy_arns": [
              "arn:aws:iam::211125416222:policy/lambda_rds_full_access"
            ],
            "max_session_duration": 3600,
            "name": "iam_for_lambda",
            "name_prefix": "",
            "path": "/",
            "permissions_boundary": "",
            "tags": {},
            "tags_all": {},
            "unique_id": "AROATCKAOGEPERGMKSUZ5"
          },
          "sensitive_attributes": [],
          "private": "bnVsbA==",
          "dependencies": [
            "data.aws_iam_policy_document.assume_role"
          ]
        }
      ]
    },
    {
      "mode": "managed",
      "type": "aws_iam_role_policy_attachment",
      "name": "lambda_rds_policy_attach",
      "provider": "provider[\"registry.terraform.io/hashicorp/aws\"]",
      "instances": [
        {
          "schema_version": 0,
          "attributes": {
            "id": "iam_for_lambda-20250520103201242600000001",
            "policy_arn": "arn:aws:iam::211125416222:policy/lambda_rds_full_access",
            "role": "iam_for_lambda"
          },
          "sensitive_attributes": [],
          "private": "bnVsbA==",
          "dependencies": [
            "aws_iam_policy.lambda_rds_policy",
            "aws_iam_role.iam_for_lambda",
            "data.aws_iam_policy_document.assume_role",
            "data.aws_iam_policy_document.lambda_rds_access"
          ]
        }
      ]
    },
    {
      "mode": "managed",
      "type": "aws_lambda_function",
      "name": "lambda_rds_stop",
      "provider": "provider[\"registry.terraform.io/hashicorp/aws\"]",
      "instances": [
        {
          "schema_version": 0,
          "attributes": {
            "architectures": [
              "x86_64"
            ],
            "arn": "arn:aws:lambda:af-south-1:211125416222:function:lambda_rds_stop",
            "code_sha256": "rTwhf9act6b0KOKXLDOLxFw/neJCYkoL9blwFel5Ung=",
            "code_signing_config_arn": "",
            "dead_letter_config": [],
            "description": "",
            "environment": [],
            "ephemeral_storage": [
              {
                "size": 512
              }
            ],
            "file_system_config": [],
            "filename": "rds_stop_code.zip",
            "function_name": "lambda_rds_stop",
            "handler": "rds_stop.lambda_handler",
            "id": "lambda_rds_stop",
            "image_config": [],
            "image_uri": "",
            "invoke_arn": "arn:aws:apigateway:af-south-1:lambda:path/2015-03-31/functions/arn:aws:lambda:af-south-1:211125416222:function:lambda_rds_stop/invocations",
            "kms_key_arn": "",
            "last_modified": "2025-05-20T10:56:46.000+0000",
            "layers": [],
            "logging_config": [
              {
                "application_log_level": "",
                "log_format": "Text",
                "log_group": "/aws/lambda/lambda_rds_stop",
                "system_log_level": ""
              }
            ],
            "memory_size": 128,
            "package_type": "Zip",
            "publish": false,
            "qualified_arn": "arn:aws:lambda:af-south-1:211125416222:function:lambda_rds_stop:$LATEST",
            "qualified_invoke_arn": "arn:aws:apigateway:af-south-1:lambda:path/2015-03-31/functions/arn:aws:lambda:af-south-1:211125416222:function:lambda_rds_stop:$LATEST/invocations",
            "replace_security_groups_on_destroy": null,
            "replacement_security_group_ids": null,
            "reserved_concurrent_executions": -1,
            "role": "arn:aws:iam::211125416222:role/iam_for_lambda",
            "runtime": "python3.13",
            "s3_bucket": null,
            "s3_key": null,
            "s3_object_version": null,
            "signing_job_arn": "",
            "signing_profile_version_arn": "",
            "skip_destroy": false,
            "snap_start": [],
            "source_code_hash": "rTwhf9act6b0KOKXLDOLxFw/neJCYkoL9blwFel5Ung=",
            "source_code_size": 583,
            "tags": {},
            "tags_all": {},
            "timeout": 3,
            "timeouts": null,
            "tracing_config": [
              {
                "mode": "PassThrough"
              }
            ],
            "version": "$LATEST",
            "vpc_config": []
          },
          "sensitive_attributes": [],
          "private": "eyJlMmJmYjczMC1lY2FhLTExZTYtOGY4OC0zNDM2M2JjN2M0YzAiOnsiY3JlYXRlIjo2MDAwMDAwMDAwMDAsImRlbGV0ZSI6NjAwMDAwMDAwMDAwLCJ1cGRhdGUiOjYwMDAwMDAwMDAwMH19",
          "dependencies": [
            "aws_cloudwatch_log_group.lambda_rds_stop_log_group",
            "aws_iam_policy.lambda_rds_policy",
            "aws_iam_role.iam_for_lambda",
            "aws_iam_role_policy_attachment.lambda_rds_policy_attach",
            "data.archive_file.lambda",
            "data.aws_iam_policy_document.assume_role",
            "data.aws_iam_policy_document.lambda_rds_access"
          ]
        }
      ]
    }
  ],
  "check_results": null
}
